
Microsoft Visual Studio Solution File, Format Version 12.00
# Visual Studio Version 17
VisualStudioVersion = 17.13.35919.96 d17.13
MinimumVisualStudioVersion = 10.0.40219.1
Project("{FAE04EC0-301F-11D3-BF4B-00C04F79EFBC}") = "Dsw2025Ej14.api", "Dsw2025Ej14.api.csproj", "{E873A940-F189-4A21-8A64-12E268E7B4AB}"
EndProject
Project("{FAE04EC0-301F-11D3-BF4B-00C04F79EFBC}") = "Dsw2025Ej14.Domain", "..\Dsw2025Ej14.Domain\Dsw2025Ej14.Domain.csproj", "{37AE5AEA-65B0-4360-B3DA-26B5FF681593}"
EndProject
Project("{FAE04EC0-301F-11D3-BF4B-00C04F79EFBC}") = "Dsw2025Ej14.Data", "..\Dsw2025Ej14.Data\Dsw2025Ej14.Data.csproj", "{EFC828AF-03AB-41EE-8AF7-6192835C34D1}"
EndProject
Project("{FAE04EC0-301F-11D3-BF4B-00C04F79EFBC}") = "Dsw2025Ej14.Persistencia", "..\Dsw2025Ej14.Persistencia\Dsw2025Ej14.Persistencia.csproj", "{3316E920-1D4B-4B88-8CF8-C760A1C2CA35}"
EndProject
Global
	GlobalSection(SolutionConfigurationPlatforms) = preSolution
		Debug|Any CPU = Debug|Any CPU
		Release|Any CPU = Release|Any CPU
	EndGlobalSection
	GlobalSection(ProjectConfigurationPlatforms) = postSolution
		{E873A940-F189-4A21-8A64-12E268E7B4AB}.Debug|Any CPU.ActiveCfg = Debug|Any CPU
		{E873A940-F189-4A21-8A64-12E268E7B4AB}.Debug|Any CPU.Build.0 = Debug|Any CPU
		{E873A940-F189-4A21-8A64-12E268E7B4AB}.Release|Any CPU.ActiveCfg = Release|Any CPU
		{E873A940-F189-4A21-8A64-12E268E7B4AB}.Release|Any CPU.Build.0 = Release|Any CPU
		{37AE5AEA-65B0-4360-B3DA-26B5FF681593}.Debug|Any CPU.ActiveCfg = Debug|Any CPU
		{37AE5AEA-65B0-4360-B3DA-26B5FF681593}.Debug|Any CPU.Build.0 = Debug|Any CPU
		{37AE5AEA-65B0-4360-B3DA-26B5FF681593}.Release|Any CPU.ActiveCfg = Release|Any CPU
		{37AE5AEA-65B0-4360-B3DA-26B5FF681593}.Release|Any CPU.Build.0 = Release|Any CPU
		{EFC828AF-03AB-41EE-8AF7-6192835C34D1}.Debug|Any CPU.ActiveCfg = Debug|Any CPU
		{EFC828AF-03AB-41EE-8AF7-6192835C34D1}.Debug|Any CPU.Build.0 = Debug|Any CPU
		{EFC828AF-03AB-41EE-8AF7-6192835C34D1}.Release|Any CPU.ActiveCfg = Release|Any CPU
		{EFC828AF-03AB-41EE-8AF7-6192835C34D1}.Release|Any CPU.Build.0 = Release|Any CPU
		{3316E920-1D4B-4B88-8CF8-C760A1C2CA35}.Debug|Any CPU.ActiveCfg = Debug|Any CPU
		{3316E920-1D4B-4B88-8CF8-C760A1C2CA35}.Debug|Any CPU.Build.0 = Debug|Any CPU
		{3316E920-1D4B-4B88-8CF8-C760A1C2CA35}.Release|Any CPU.ActiveCfg = Release|Any CPU
		{3316E920-1D4B-4B88-8CF8-C760A1C2CA35}.Release|Any CPU.Build.0 = Release|Any CPU
	EndGlobalSection
	GlobalSection(SolutionProperties) = preSolution
		HideSolutionNode = FALSE
	EndGlobalSection
	GlobalSection(ExtensibilityGlobals) = postSolution
		SolutionGuid = {4B5B7C0C-373E-44D8-BB15-0BE789BC6371}
	EndGlobalSection
EndGlobal
